
Microsoft Visual Studio Solution File, Format Version 12.00
# Visual Studio Version 17
VisualStudioVersion = 17.12.35514.174
MinimumVisualStudioVersion = 10.0.40219.1
Project("{FAE04EC0-301F-11D3-BF4B-00C04F79EFBC}") = "FinanceManager.API", "src\FinanceManager.API\FinanceManager.API.csproj", "{A07ED614-F521-40DA-9D94-E9C19301637B}"
EndProject
Project("{FAE04EC0-301F-11D3-BF4B-00C04F79EFBC}") = "FinanceManager.Models", "src\FinanceManager.Models\FinanceManager.Models.csproj", "{DFF55E03-997E-456A-804D-7257477CD0F8}"
EndProject
Project("{FAE04EC0-301F-11D3-BF4B-00C04F79EFBC}") = "FinanceManager.Data", "src\FinanceManager.Data\FinanceManager.Data.csproj", "{D86C7743-155B-4D6E-A417-CA78627CD4D8}"
EndProject
Project("{FAE04EC0-301F-11D3-BF4B-00C04F79EFBC}") = "FinanceManager.Application", "src\FinanceMangement.Application\FinanceManager.Application.csproj", "{D25CE3BC-EFCF-426C-8492-604A0E38467A}"
EndProject
Project("{FAE04EC0-301F-11D3-BF4B-00C04F79EFBC}") = "FinanceManager.UnitTest", "tests\FinanceManager.UnitTest\FinanceManager.UnitTest.csproj", "{6918E1E2-1582-4B29-8F79-44721C7C9E39}"
EndProject
Project("{FAE04EC0-301F-11D3-BF4B-00C04F79EFBC}") = "FinanceManager.Domain", "src\FinanceManager.Domain\FinanceManager.Domain.csproj", "{F8283F85-EF51-42D8-8C71-00EF73BD6E93}"
EndProject
Project("{2150E333-8FDC-42A3-9474-1A3956D46DE8}") = "Application", "Application", "{955D0C92-75D9-48D5-B956-9FDDA45F3666}"
EndProject
Project("{FAE04EC0-301F-11D3-BF4B-00C04F79EFBC}") = "FinanceManager.Application.Mapper", "..\codes\src\Application\FinanceManager.Application.Mapper\FinanceManager.Application.Mapper.csproj", "{C2F6423E-AB28-4C46-8898-8C80E5370681}"
EndProject
Global
	GlobalSection(SolutionConfigurationPlatforms) = preSolution
		Debug|Any CPU = Debug|Any CPU
		Release|Any CPU = Release|Any CPU
	EndGlobalSection
	GlobalSection(ProjectConfigurationPlatforms) = postSolution
		{A07ED614-F521-40DA-9D94-E9C19301637B}.Debug|Any CPU.ActiveCfg = Debug|Any CPU
		{A07ED614-F521-40DA-9D94-E9C19301637B}.Debug|Any CPU.Build.0 = Debug|Any CPU
		{A07ED614-F521-40DA-9D94-E9C19301637B}.Release|Any CPU.ActiveCfg = Release|Any CPU
		{A07ED614-F521-40DA-9D94-E9C19301637B}.Release|Any CPU.Build.0 = Release|Any CPU
		{DFF55E03-997E-456A-804D-7257477CD0F8}.Debug|Any CPU.ActiveCfg = Debug|Any CPU
		{DFF55E03-997E-456A-804D-7257477CD0F8}.Debug|Any CPU.Build.0 = Debug|Any CPU
		{DFF55E03-997E-456A-804D-7257477CD0F8}.Release|Any CPU.ActiveCfg = Release|Any CPU
		{DFF55E03-997E-456A-804D-7257477CD0F8}.Release|Any CPU.Build.0 = Release|Any CPU
		{D86C7743-155B-4D6E-A417-CA78627CD4D8}.Debug|Any CPU.ActiveCfg = Debug|Any CPU
		{D86C7743-155B-4D6E-A417-CA78627CD4D8}.Debug|Any CPU.Build.0 = Debug|Any CPU
		{D86C7743-155B-4D6E-A417-CA78627CD4D8}.Release|Any CPU.ActiveCfg = Release|Any CPU
		{D86C7743-155B-4D6E-A417-CA78627CD4D8}.Release|Any CPU.Build.0 = Release|Any CPU
		{D25CE3BC-EFCF-426C-8492-604A0E38467A}.Debug|Any CPU.ActiveCfg = Debug|Any CPU
		{D25CE3BC-EFCF-426C-8492-604A0E38467A}.Debug|Any CPU.Build.0 = Debug|Any CPU
		{D25CE3BC-EFCF-426C-8492-604A0E38467A}.Release|Any CPU.ActiveCfg = Release|Any CPU
		{D25CE3BC-EFCF-426C-8492-604A0E38467A}.Release|Any CPU.Build.0 = Release|Any CPU
		{6918E1E2-1582-4B29-8F79-44721C7C9E39}.Debug|Any CPU.ActiveCfg = Debug|Any CPU
		{6918E1E2-1582-4B29-8F79-44721C7C9E39}.Debug|Any CPU.Build.0 = Debug|Any CPU
		{6918E1E2-1582-4B29-8F79-44721C7C9E39}.Release|Any CPU.ActiveCfg = Release|Any CPU
		{6918E1E2-1582-4B29-8F79-44721C7C9E39}.Release|Any CPU.Build.0 = Release|Any CPU
		{F8283F85-EF51-42D8-8C71-00EF73BD6E93}.Debug|Any CPU.ActiveCfg = Debug|Any CPU
		{F8283F85-EF51-42D8-8C71-00EF73BD6E93}.Debug|Any CPU.Build.0 = Debug|Any CPU
		{F8283F85-EF51-42D8-8C71-00EF73BD6E93}.Release|Any CPU.ActiveCfg = Release|Any CPU
		{F8283F85-EF51-42D8-8C71-00EF73BD6E93}.Release|Any CPU.Build.0 = Release|Any CPU
		{C2F6423E-AB28-4C46-8898-8C80E5370681}.Debug|Any CPU.ActiveCfg = Debug|Any CPU
		{C2F6423E-AB28-4C46-8898-8C80E5370681}.Debug|Any CPU.Build.0 = Debug|Any CPU
		{C2F6423E-AB28-4C46-8898-8C80E5370681}.Release|Any CPU.ActiveCfg = Release|Any CPU
		{C2F6423E-AB28-4C46-8898-8C80E5370681}.Release|Any CPU.Build.0 = Release|Any CPU
	EndGlobalSection
	GlobalSection(SolutionProperties) = preSolution
		HideSolutionNode = FALSE
	EndGlobalSection
	GlobalSection(NestedProjects) = preSolution
		{D25CE3BC-EFCF-426C-8492-604A0E38467A} = {955D0C92-75D9-48D5-B956-9FDDA45F3666}
		{C2F6423E-AB28-4C46-8898-8C80E5370681} = {955D0C92-75D9-48D5-B956-9FDDA45F3666}
	EndGlobalSection
EndGlobal
